
Microsoft Visual Studio Solution File, Format Version 12.00
# Visual Studio Version 17
VisualStudioVersion = 17.0.31314.256
MinimumVisualStudioVersion = 10.0.40219.1
Project("{2150E333-8FDC-42A3-9474-1A3956D46DE8}") = "Engine", "Engine", "{233774A8-CC9D-3FA9-86D1-90573E92B704}"
EndProject
Project("{2150E333-8FDC-42A3-9474-1A3956D46DE8}") = "Games", "Games", "{DE1F8B53-6C02-3C13-9101-A7C8D96F3FF6}"
EndProject
Project("{8BC9CEB8-8B4A-11D0-8D11-00A0C91BC942}") = "UE5", "Intermediate\ProjectFiles\UE5.vcxproj", "{A5EBCDA3-624B-30E4-9AE3-23BC3596AAEA}"
EndProject
Project("{8BC9CEB8-8B4A-11D0-8D11-00A0C91BC942}") = "ExtremeMining", "Intermediate\ProjectFiles\ExtremeMining.vcxproj", "{4BFE39B5-C4D3-3E69-B933-7DB1A0319958}"
EndProject
Project("{2150E333-8FDC-42A3-9474-1A3956D46DE8}") = "Visualizers", "Visualizers", "{1CCEC849-CC72-4C59-8C36-2F7C38706D4C}"
	ProjectSection(SolutionItems) = preProject
		..\..\UE_5.0\Engine\Extras\VisualStudioDebugging\Unreal.natvis = ..\..\UE_5.0\Engine\Extras\VisualStudioDebugging\Unreal.natvis
	EndProjectSection
EndProject
Global
	GlobalSection(SolutionConfigurationPlatforms) = preSolution
		DebugGame Editor|Android = DebugGame Editor|Android
		DebugGame Editor|Win64 = DebugGame Editor|Win64
		DebugGame|Android = DebugGame|Android
		DebugGame|Win64 = DebugGame|Win64
		Development Editor|Android = Development Editor|Android
		Development Editor|Win64 = Development Editor|Win64
		Development|Android = Development|Android
		Development|Win64 = Development|Win64
		Shipping|Android = Shipping|Android
		Shipping|Win64 = Shipping|Win64
	EndGlobalSection
	GlobalSection(ProjectConfigurationPlatforms) = postSolution
		{A5EBCDA3-624B-30E4-9AE3-23BC3596AAEA}.DebugGame Editor|Android.ActiveCfg = BuiltWithUnrealBuildTool|Win64
		{A5EBCDA3-624B-30E4-9AE3-23BC3596AAEA}.DebugGame Editor|Win64.ActiveCfg = BuiltWithUnrealBuildTool|Win64
		{A5EBCDA3-624B-30E4-9AE3-23BC3596AAEA}.DebugGame|Android.ActiveCfg = BuiltWithUnrealBuildTool|Win64
		{A5EBCDA3-624B-30E4-9AE3-23BC3596AAEA}.DebugGame|Win64.ActiveCfg = BuiltWithUnrealBuildTool|Win64
		{A5EBCDA3-624B-30E4-9AE3-23BC3596AAEA}.Development Editor|Android.ActiveCfg = BuiltWithUnrealBuildTool|Win64
		{A5EBCDA3-624B-30E4-9AE3-23BC3596AAEA}.Development Editor|Win64.ActiveCfg = BuiltWithUnrealBuildTool|Win64
		{A5EBCDA3-624B-30E4-9AE3-23BC3596AAEA}.Development|Android.ActiveCfg = BuiltWithUnrealBuildTool|Win64
		{A5EBCDA3-624B-30E4-9AE3-23BC3596AAEA}.Development|Win64.ActiveCfg = BuiltWithUnrealBuildTool|Win64
		{A5EBCDA3-624B-30E4-9AE3-23BC3596AAEA}.Shipping|Android.ActiveCfg = BuiltWithUnrealBuildTool|Win64
		{A5EBCDA3-624B-30E4-9AE3-23BC3596AAEA}.Shipping|Win64.ActiveCfg = BuiltWithUnrealBuildTool|Win64
		{4BFE39B5-C4D3-3E69-B933-7DB1A0319958}.DebugGame Editor|Android.ActiveCfg = Invalid|x64
		{4BFE39B5-C4D3-3E69-B933-7DB1A0319958}.DebugGame Editor|Win64.ActiveCfg = DebugGame_Editor|x64
		{4BFE39B5-C4D3-3E69-B933-7DB1A0319958}.DebugGame Editor|Win64.Build.0 = DebugGame_Editor|x64
		{4BFE39B5-C4D3-3E69-B933-7DB1A0319958}.DebugGame|Android.ActiveCfg = Android_DebugGame|Win64
		{4BFE39B5-C4D3-3E69-B933-7DB1A0319958}.DebugGame|Android.Build.0 = Android_DebugGame|Win64
		{4BFE39B5-C4D3-3E69-B933-7DB1A0319958}.DebugGame|Win64.ActiveCfg = DebugGame|x64
		{4BFE39B5-C4D3-3E69-B933-7DB1A0319958}.DebugGame|Win64.Build.0 = DebugGame|x64
		{4BFE39B5-C4D3-3E69-B933-7DB1A0319958}.Development Editor|Android.ActiveCfg = Invalid|x64
		{4BFE39B5-C4D3-3E69-B933-7DB1A0319958}.Development Editor|Win64.ActiveCfg = Development_Editor|x64
		{4BFE39B5-C4D3-3E69-B933-7DB1A0319958}.Development Editor|Win64.Build.0 = Development_Editor|x64
		{4BFE39B5-C4D3-3E69-B933-7DB1A0319958}.Development|Android.ActiveCfg = Android_Development|Win64
		{4BFE39B5-C4D3-3E69-B933-7DB1A0319958}.Development|Android.Build.0 = Android_Development|Win64
		{4BFE39B5-C4D3-3E69-B933-7DB1A0319958}.Development|Win64.ActiveCfg = Development|x64
		{4BFE39B5-C4D3-3E69-B933-7DB1A0319958}.Development|Win64.Build.0 = Development|x64
		{4BFE39B5-C4D3-3E69-B933-7DB1A0319958}.Shipping|Android.ActiveCfg = Android_Shipping|Win64
		{4BFE39B5-C4D3-3E69-B933-7DB1A0319958}.Shipping|Android.Build.0 = Android_Shipping|Win64
		{4BFE39B5-C4D3-3E69-B933-7DB1A0319958}.Shipping|Win64.ActiveCfg = Shipping|x64
		{4BFE39B5-C4D3-3E69-B933-7DB1A0319958}.Shipping|Win64.Build.0 = Shipping|x64
	EndGlobalSection
	GlobalSection(SolutionProperties) = preSolution
		HideSolutionNode = FALSE
	EndGlobalSection
	GlobalSection(NestedProjects) = preSolution
		{A5EBCDA3-624B-30E4-9AE3-23BC3596AAEA} = {233774A8-CC9D-3FA9-86D1-90573E92B704}
		{4BFE39B5-C4D3-3E69-B933-7DB1A0319958} = {DE1F8B53-6C02-3C13-9101-A7C8D96F3FF6}
	EndGlobalSection
	GlobalSection(ExtensibilityGlobals) = postSolution
		SolutionGuid = {09997AE4-954D-4FE4-A908-1B051993E48F}
	EndGlobalSection
	GlobalSection(ddbf523f-7eb6-4887-bd51-85a714ff87eb) = preSolution
		AvailablePlatforms = Win64;Android
	EndGlobalSection
EndGlobal
